
Microsoft Visual Studio Solution File, Format Version 12.00
# Visual Studio Version 16
VisualStudioVersion = 16.0.29519.181
MinimumVisualStudioVersion = 15.0.26124.0
Project("{2150E333-8FDC-42A3-9474-1A3956D46DE8}") = "Source", "Source", "{0800A62E-8BEF-4C03-93F6-7ABEFC2505DE}"
EndProject
Project("{9A19103F-16F7-4668-BE54-9A1E7A4F7556}") = "APIBase", "Source\APIBase\APIBase.csproj", "{4936EC3B-7387-43A1-B444-945C6E67C92D}"
EndProject
Global
	GlobalSection(SolutionConfigurationPlatforms) = preSolution
		Debug|Any CPU = Debug|Any CPU
		Debug|x64 = Debug|x64
		Debug|x86 = Debug|x86
		Release|Any CPU = Release|Any CPU
		Release|x64 = Release|x64
		Release|x86 = Release|x86
	EndGlobalSection
	GlobalSection(ProjectConfigurationPlatforms) = postSolution
		{4936EC3B-7387-43A1-B444-945C6E67C92D}.Debug|Any CPU.ActiveCfg = Debug|Any CPU
		{4936EC3B-7387-43A1-B444-945C6E67C92D}.Debug|Any CPU.Build.0 = Debug|Any CPU
		{4936EC3B-7387-43A1-B444-945C6E67C92D}.Debug|x64.ActiveCfg = Debug|Any CPU
		{4936EC3B-7387-43A1-B444-945C6E67C92D}.Debug|x64.Build.0 = Debug|Any CPU
		{4936EC3B-7387-43A1-B444-945C6E67C92D}.Debug|x86.ActiveCfg = Debug|Any CPU
		{4936EC3B-7387-43A1-B444-945C6E67C92D}.Debug|x86.Build.0 = Debug|Any CPU
		{4936EC3B-7387-43A1-B444-945C6E67C92D}.Release|Any CPU.ActiveCfg = Release|Any CPU
		{4936EC3B-7387-43A1-B444-945C6E67C92D}.Release|Any CPU.Build.0 = Release|Any CPU
		{4936EC3B-7387-43A1-B444-945C6E67C92D}.Release|x64.ActiveCfg = Release|Any CPU
		{4936EC3B-7387-43A1-B444-945C6E67C92D}.Release|x64.Build.0 = Release|Any CPU
		{4936EC3B-7387-43A1-B444-945C6E67C92D}.Release|x86.ActiveCfg = Release|Any CPU
		{4936EC3B-7387-43A1-B444-945C6E67C92D}.Release|x86.Build.0 = Release|Any CPU
	EndGlobalSection
	GlobalSection(SolutionProperties) = preSolution
		HideSolutionNode = FALSE
	EndGlobalSection
	GlobalSection(NestedProjects) = preSolution
		{4936EC3B-7387-43A1-B444-945C6E67C92D} = {0800A62E-8BEF-4C03-93F6-7ABEFC2505DE}
	EndGlobalSection
	GlobalSection(ExtensibilityGlobals) = postSolution
		SolutionGuid = {BCB50C3E-EB20-486A-9303-2ACA84DB1D04}
	EndGlobalSection
EndGlobal
